
Microsoft Visual Studio Solution File, Format Version 12.00
# Visual Studio Version 17
VisualStudioVersion = 17.5.33326.253
MinimumVisualStudioVersion = 10.0.40219.1
Project("{2150E333-8FDC-42A3-9474-1A3956D46DE8}") = "src", "src", "{7BBE6E68-E3C7-4731-8DE3-F647733DF766}"
EndProject
Project("{9A19103F-16F7-4668-BE54-9A1E7A4F7556}") = "Code.Shared", "src\Code.Shared\Code.Shared.csproj", "{31BC6945-22A2-48B7-85F6-369DEF5F2CBC}"
EndProject
Project("{9A19103F-16F7-4668-BE54-9A1E7A4F7556}") = "Code.Server", "src\Code.Server\Code.Server.csproj", "{9BF50733-47E1-4CF5-A4FF-6E0899FF0560}"
EndProject
Project("{FAE04EC0-301F-11D3-BF4B-00C04F79EFBC}") = "Code.App", "src\Code.App\Code.App.csproj", "{81AD21DB-9928-413E-BE23-9741D8953DB8}"
EndProject
Project("{FAE04EC0-301F-11D3-BF4B-00C04F79EFBC}") = "Code.Desktop", "src\Code.Desktop\Code.Desktop.csproj", "{ACC0A396-585D-4D32-9B8D-18EC5024F57B}"
EndProject
Global
	GlobalSection(SolutionConfigurationPlatforms) = preSolution
		Debug|Any CPU = Debug|Any CPU
		Release|Any CPU = Release|Any CPU
	EndGlobalSection
	GlobalSection(ProjectConfigurationPlatforms) = postSolution
		{31BC6945-22A2-48B7-85F6-369DEF5F2CBC}.Debug|Any CPU.ActiveCfg = Debug|Any CPU
		{31BC6945-22A2-48B7-85F6-369DEF5F2CBC}.Debug|Any CPU.Build.0 = Debug|Any CPU
		{31BC6945-22A2-48B7-85F6-369DEF5F2CBC}.Release|Any CPU.ActiveCfg = Release|Any CPU
		{31BC6945-22A2-48B7-85F6-369DEF5F2CBC}.Release|Any CPU.Build.0 = Release|Any CPU
		{9BF50733-47E1-4CF5-A4FF-6E0899FF0560}.Debug|Any CPU.ActiveCfg = Debug|Any CPU
		{9BF50733-47E1-4CF5-A4FF-6E0899FF0560}.Debug|Any CPU.Build.0 = Debug|Any CPU
		{9BF50733-47E1-4CF5-A4FF-6E0899FF0560}.Release|Any CPU.ActiveCfg = Release|Any CPU
		{9BF50733-47E1-4CF5-A4FF-6E0899FF0560}.Release|Any CPU.Build.0 = Release|Any CPU
		{81AD21DB-9928-413E-BE23-9741D8953DB8}.Debug|Any CPU.ActiveCfg = Debug|Any CPU
		{81AD21DB-9928-413E-BE23-9741D8953DB8}.Debug|Any CPU.Build.0 = Debug|Any CPU
		{81AD21DB-9928-413E-BE23-9741D8953DB8}.Debug|Any CPU.Deploy.0 = Debug|Any CPU
		{81AD21DB-9928-413E-BE23-9741D8953DB8}.Release|Any CPU.ActiveCfg = Release|Any CPU
		{81AD21DB-9928-413E-BE23-9741D8953DB8}.Release|Any CPU.Build.0 = Release|Any CPU
		{81AD21DB-9928-413E-BE23-9741D8953DB8}.Release|Any CPU.Deploy.0 = Release|Any CPU
		{ACC0A396-585D-4D32-9B8D-18EC5024F57B}.Debug|Any CPU.ActiveCfg = Debug|Any CPU
		{ACC0A396-585D-4D32-9B8D-18EC5024F57B}.Debug|Any CPU.Build.0 = Debug|Any CPU
		{ACC0A396-585D-4D32-9B8D-18EC5024F57B}.Release|Any CPU.ActiveCfg = Release|Any CPU
		{ACC0A396-585D-4D32-9B8D-18EC5024F57B}.Release|Any CPU.Build.0 = Release|Any CPU
	EndGlobalSection
	GlobalSection(SolutionProperties) = preSolution
		HideSolutionNode = FALSE
	EndGlobalSection
	GlobalSection(NestedProjects) = preSolution
		{31BC6945-22A2-48B7-85F6-369DEF5F2CBC} = {7BBE6E68-E3C7-4731-8DE3-F647733DF766}
		{9BF50733-47E1-4CF5-A4FF-6E0899FF0560} = {7BBE6E68-E3C7-4731-8DE3-F647733DF766}
		{81AD21DB-9928-413E-BE23-9741D8953DB8} = {7BBE6E68-E3C7-4731-8DE3-F647733DF766}
		{ACC0A396-585D-4D32-9B8D-18EC5024F57B} = {7BBE6E68-E3C7-4731-8DE3-F647733DF766}
	EndGlobalSection
	GlobalSection(ExtensibilityGlobals) = postSolution
		SolutionGuid = {F508B81B-7484-4F80-911C-23895AF0ADA9}
	EndGlobalSection
EndGlobal
